Microsoft Visual Studio Solution File, Format Version 12.00
# Visual Studio Version 17
VisualStudioVersion = 17.5.2.0
MinimumVisualStudioVersion = 10.0.40219.1
Project("{FAE04EC0-301F-11D3-BF4B-00C04F79EFBC}") = "InventariosApi", "InventariosApi\InventariosApi.csproj", "{4FB19EF1-D6AE-B099-921C-AED930319459}"
EndProject
Global
	GlobalSection(SolutionConfigurationPlatforms) = preSolution
		Debug|Any CPU = Debug|Any CPU
		Release|Any CPU = Release|Any CPU
	EndGlobalSection
	GlobalSection(ProjectConfigurationPlatforms) = postSolution
		{4FB19EF1-D6AE-B099-921C-AED930319459}.Debug|Any CPU.ActiveCfg = Debug|Any CPU
		{4FB19EF1-D6AE-B099-921C-AED930319459}.Debug|Any CPU.Build.0 = Debug|Any CPU
		{4FB19EF1-D6AE-B099-921C-AED930319459}.Release|Any CPU.ActiveCfg = Release|Any CPU
		{4FB19EF1-D6AE-B099-921C-AED930319459}.Release|Any CPU.Build.0 = Release|Any CPU
	EndGlobalSection
	GlobalSection(SolutionProperties) = preSolution
		HideSolutionNode = FALSE
	EndGlobalSection
	GlobalSection(ExtensibilityGlobals) = postSolution
		SolutionGuid = {200F2674-01AD-4104-B2D3-1C082FBF905C}
	EndGlobalSection
EndGlobal
